
Microsoft Visual Studio Solution File, Format Version 12.00
# Visual Studio Version 17
VisualStudioVersion = 17.2.32516.85
MinimumVisualStudioVersion = 10.0.40219.1
Project("{FAE04EC0-301F-11D3-BF4B-00C04F79EFBC}") = "OpenApiComunicator", "OpenApiComunicator.csproj", "{5B8796FC-1E6E-41F5-92B9-0DE8EF1583A8}"
EndProject
Global
	GlobalSection(SolutionConfigurationPlatforms) = preSolution
		Debug|Any CPU = Debug|Any CPU
		Release|Any CPU = Release|Any CPU
	EndGlobalSection
	GlobalSection(ProjectConfigurationPlatforms) = postSolution
		{5B8796FC-1E6E-41F5-92B9-0DE8EF1583A8}.Debug|Any CPU.ActiveCfg = Debug|Any CPU
		{5B8796FC-1E6E-41F5-92B9-0DE8EF1583A8}.Debug|Any CPU.Build.0 = Debug|Any CPU
		{5B8796FC-1E6E-41F5-92B9-0DE8EF1583A8}.Release|Any CPU.ActiveCfg = Release|Any CPU
		{5B8796FC-1E6E-41F5-92B9-0DE8EF1583A8}.Release|Any CPU.Build.0 = Release|Any CPU
	EndGlobalSection
	GlobalSection(SolutionProperties) = preSolution
		HideSolutionNode = FALSE
	EndGlobalSection
	GlobalSection(ExtensibilityGlobals) = postSolution
		SolutionGuid = {9C07FF2A-1ADA-4E17-B81F-73905588438A}
	EndGlobalSection
EndGlobal
